// !$*UTF8*$!
{
	archiveVersion = 1;
	classes = {
	};
	objectVersion = 46;
	objects = {

/* Begin PBXBuildFile section */
		021E0AD31EBD835200CD761B /* AppDelegate.swift in Sources */ = {isa = PBXBuildFile; fileRef = 021E0AD21EBD835200CD761B /* AppDelegate.swift */; };
		021E0AD51EBD835200CD761B /* PlacesController.swift in Sources */ = {isa = PBXBuildFile; fileRef = 021E0AD41EBD835200CD761B /* PlacesController.swift */; };
		021E0AD71EBD835200CD761B /* SecondViewController.swift in Sources */ = {isa = PBXBuildFile; fileRef = 021E0AD61EBD835200CD761B /* SecondViewController.swift */; };
		021E0ADA1EBD835200CD761B /* Main.storyboard in Resources */ = {isa = PBXBuildFile; fileRef = 021E0AD81EBD835200CD761B /* Main.storyboard */; };
		021E0ADC1EBD835200CD761B /* Assets.xcassets in Resources */ = {isa = PBXBuildFile; fileRef = 021E0ADB1EBD835200CD761B /* Assets.xcassets */; };
		021E0ADF1EBD835200CD761B /* LaunchScreen.storyboard in Resources */ = {isa = PBXBuildFile; fileRef = 021E0ADD1EBD835200CD761B /* LaunchScreen.storyboard */; };
		021E0AE91EBD867700CD761B /* Place.swift in Sources */ = {isa = PBXBuildFile; fileRef = 021E0AE81EBD867700CD761B /* Place.swift */; };
		0241F3FF1ED0016A00B9CF06 /* Review.swift in Sources */ = {isa = PBXBuildFile; fileRef = 0241F3FE1ED0016A00B9CF06 /* Review.swift */; };
		029474F61ECA97A50001507B /* DetailController.swift in Sources */ = {isa = PBXBuildFile; fileRef = 029474F51ECA97A50001507B /* DetailController.swift */; };
		029474F81ECA9EE60001507B /* DescriptionController.swift in Sources */ = {isa = PBXBuildFile; fileRef = 029474F71ECA9EE60001507B /* DescriptionController.swift */; };
		029474FA1ECA9F1A0001507B /* ReviewsController.swift in Sources */ = {isa = PBXBuildFile; fileRef = 029474F91ECA9F1A0001507B /* ReviewsController.swift */; };
		029474FC1ECA9F370001507B /* WriteReviewController.swift in Sources */ = {isa = PBXBuildFile; fileRef = 029474FB1ECA9F370001507B /* WriteReviewController.swift */; };
		02A147AE1ECA3E22005B8038 /* FirebaseManager.swift in Sources */ = {isa = PBXBuildFile; fileRef = 02A147AD1ECA3E22005B8038 /* FirebaseManager.swift */; };
		02A147B11ECA58E5005B8038 /* PlaceCell.swift in Sources */ = {isa = PBXBuildFile; fileRef = 02A147B01ECA58E5005B8038 /* PlaceCell.swift */; };
		02BBB86F1EBD891E00CE3904 /* GoogleService-Info.plist in Resources */ = {isa = PBXBuildFile; fileRef = 02BBB86E1EBD891E00CE3904 /* GoogleService-Info.plist */; };
		2F596820067D5C448DCFFFB2 /* Pods_Guidebook.framework in Frameworks */ = {isa = PBXBuildFile; fileRef = 9CAE819BAEB4B3B79ECC0FBD /* Pods_Guidebook.framework */; };
/* End PBXBuildFile section */

/* Begin PBXFileReference section */
		021E0ACF1EBD835200CD761B /* Guidebook.app */ = {isa = PBXFileReference; explicitFileType = wrapper.application; includeInIndex = 0; path = Guidebook.app; sourceTree = BUILT_PRODUCTS_DIR; };
		021E0AD21EBD835200CD761B /* AppDelegate.swift */ = {isa = PBXFileReference; lastKnownFileType = sourcecode.swift; path = AppDelegate.swift; sourceTree = "<group>"; };
		021E0AD41EBD835200CD761B /* PlacesController.swift */ = {isa = PBXFileReference; lastKnownFileType = sourcecode.swift; path = PlacesController.swift; sourceTree = "<group>"; };
		021E0AD61EBD835200CD761B /* SecondViewController.swift */ = {isa = PBXFileReference; lastKnownFileType = sourcecode.swift; path = SecondViewController.swift; sourceTree = "<group>"; };
		021E0AD91EBD835200CD761B /* Base */ = {isa = PBXFileReference; lastKnownFileType = file.storyboard; name = Base; path = Base.lproj/Main.storyboard; sourceTree = "<group>"; };
		021E0ADB1EBD835200CD761B /* Assets.xcassets */ = {isa = PBXFileReference; lastKnownFileType = folder.assetcatalog; path = Assets.xcassets; sourceTree = "<group>"; };
		021E0ADE1EBD835200CD761B /* Base */ = {isa = PBXFileReference; lastKnownFileType = file.storyboard; name = Base; path = Base.lproj/LaunchScreen.storyboard; sourceTree = "<group>"; };
		021E0AE01EBD835200CD761B /* Info.plist */ = {isa = PBXFileReference; lastKnownFileType = text.plist.xml; path = Info.plist; sourceTree = "<group>"; };
		021E0AE81EBD867700CD761B /* Place.swift */ = {isa = PBXFileReference; fileEncoding = 4; lastKnownFileType = sourcecode.swift; path = Place.swift; sourceTree = "<group>"; };
		0241F3FE1ED0016A00B9CF06 /* Review.swift */ = {isa = PBXFileReference; fileEncoding = 4; lastKnownFileType = sourcecode.swift; path = Review.swift; sourceTree = "<group>"; };
		029474F51ECA97A50001507B /* DetailController.swift */ = {isa = PBXFileReference; fileEncoding = 4; lastKnownFileType = sourcecode.swift; path = DetailController.swift; sourceTree = "<group>"; };
		029474F71ECA9EE60001507B /* DescriptionController.swift */ = {isa = PBXFileReference; fileEncoding = 4; lastKnownFileType = sourcecode.swift; path = DescriptionController.swift; sourceTree = "<group>"; };
		029474F91ECA9F1A0001507B /* ReviewsController.swift */ = {isa = PBXFileReference; fileEncoding = 4; lastKnownFileType = sourcecode.swift; path = ReviewsController.swift; sourceTree = "<group>"; };
		029474FB1ECA9F370001507B /* WriteReviewController.swift */ = {isa = PBXFileReference; fileEncoding = 4; lastKnownFileType = sourcecode.swift; path = WriteReviewController.swift; sourceTree = "<group>"; };
		02A147AD1ECA3E22005B8038 /* FirebaseManager.swift */ = {isa = PBXFileReference; fileEncoding = 4; lastKnownFileType = sourcecode.swift; path = FirebaseManager.swift; sourceTree = "<group>"; };
		02A147B01ECA58E5005B8038 /* PlaceCell.swift */ = {isa = PBXFileReference; fileEncoding = 4; lastKnownFileType = sourcecode.swift; path = PlaceCell.swift; sourceTree = "<group>"; };
		02BBB86E1EBD891E00CE3904 /* GoogleService-Info.plist */ = {isa = PBXFileReference; fileEncoding = 4; lastKnownFileType = text.plist.xml; path = "GoogleService-Info.plist"; sourceTree = "<group>"; };
		1D47897F7A909146261DC594 /* Pods-Guidebook.debug.xcconfig */ = {isa = PBXFileReference; includeInIndex = 1; lastKnownFileType = text.xcconfig; name = "Pods-Guidebook.debug.xcconfig"; path = "Pods/Target Support Files/Pods-Guidebook/Pods-Guidebook.debug.xcconfig"; sourceTree = "<group>"; };
		5A523933C24B6BE1BEDB78ED /* Pods-Guidebook.release.xcconfig */ = {isa = PBXFileReference; includeInIndex = 1; lastKnownFileType = text.xcconfig; name = "Pods-Guidebook.release.xcconfig"; path = "Pods/Target Support Files/Pods-Guidebook/Pods-Guidebook.release.xcconfig"; sourceTree = "<group>"; };
		9CAE819BAEB4B3B79ECC0FBD /* Pods_Guidebook.framework */ = {isa = PBXFileReference; explicitFileType = wrapper.framework; includeInIndex = 0; path = Pods_Guidebook.framework; sourceTree = BUILT_PRODUCTS_DIR; };
/* End PBXFileReference section */

/* Begin PBXFrameworksBuildPhase section */
		021E0ACC1EBD835200CD761B /* Frameworks */ = {
			isa = PBXFrameworksBuildPhase;
			buildActionMask = 2147483647;
			files = (
				2F596820067D5C448DCFFFB2 /* Pods_Guidebook.framework in Frameworks */,
			);
			runOnlyForDeploymentPostprocessing = 0;
		};
/* End PBXFrameworksBuildPhase section */

/* Begin PBXGroup section */
		021E0AC61EBD835200CD761B = {
			isa = PBXGroup;
			children = (
				021E0AD11EBD835200CD761B /* Guidebook */,
				021E0AD01EBD835200CD761B /* Products */,
				7E8DDB68168603346F82523F /* Pods */,
				4FFA003ACB89B9A02F18610D /* Frameworks */,
			);
			sourceTree = "<group>";
		};
		021E0AD01EBD835200CD761B /* Products */ = {
			isa = PBXGroup;
			children = (
				021E0ACF1EBD835200CD761B /* Guidebook.app */,
			);
			name = Products;
			sourceTree = "<group>";
		};
		021E0AD11EBD835200CD761B /* Guidebook */ = {
			isa = PBXGroup;
			children = (
				029474F41ECA97230001507B /* Utility */,
				021E0AE71EBD865400CD761B /* Model */,
				02A147AF1ECA58B4005B8038 /* View */,
				021E0AE61EBD862500CD761B /* Controller */,
				021E0AD21EBD835200CD761B /* AppDelegate.swift */,
				021E0AD81EBD835200CD761B /* Main.storyboard */,
				021E0ADB1EBD835200CD761B /* Assets.xcassets */,
				021E0ADD1EBD835200CD761B /* LaunchScreen.storyboard */,
				021E0AE01EBD835200CD761B /* Info.plist */,
				02BBB86E1EBD891E00CE3904 /* GoogleService-Info.plist */,
			);
			path = Guidebook;
			sourceTree = "<group>";
		};
		021E0AE61EBD862500CD761B /* Controller */ = {
			isa = PBXGroup;
			children = (
				021E0AD41EBD835200CD761B /* PlacesController.swift */,
				029474F51ECA97A50001507B /* DetailController.swift */,
				029474F71ECA9EE60001507B /* DescriptionController.swift */,
				029474F91ECA9F1A0001507B /* ReviewsController.swift */,
				029474FB1ECA9F370001507B /* WriteReviewController.swift */,
				021E0AD61EBD835200CD761B /* SecondViewController.swift */,
			);
			name = Controller;
			sourceTree = "<group>";
		};
		021E0AE71EBD865400CD761B /* Model */ = {
			isa = PBXGroup;
			children = (
				021E0AE81EBD867700CD761B /* Place.swift */,
				0241F3FE1ED0016A00B9CF06 /* Review.swift */,
			);
			name = Model;
			sourceTree = "<group>";
		};
		029474F41ECA97230001507B /* Utility */ = {
			isa = PBXGroup;
			children = (
				02A147AD1ECA3E22005B8038 /* FirebaseManager.swift */,
			);
			name = Utility;
			sourceTree = "<group>";
		};
		02A147AF1ECA58B4005B8038 /* View */ = {
			isa = PBXGroup;
			children = (
				02A147B01ECA58E5005B8038 /* PlaceCell.swift */,
			);
			name = View;
			sourceTree = "<group>";
		};
		4FFA003ACB89B9A02F18610D /* Frameworks */ = {
			isa = PBXGroup;
			children = (
				9CAE819BAEB4B3B79ECC0FBD /* Pods_Guidebook.framework */,
			);
			name = Frameworks;
			sourceTree = "<group>";
		};
		7E8DDB68168603346F82523F /* Pods */ = {
			isa = PBXGroup;
			children = (
				1D47897F7A909146261DC594 /* Pods-Guidebook.debug.xcconfig */,
				5A523933C24B6BE1BEDB78ED /* Pods-Guidebook.release.xcconfig */,
			);
			name = Pods;
			sourceTree = "<group>";
		};
/* End PBXGroup section */

/* Begin PBXNativeTarget section */
		021E0ACE1EBD835200CD761B /* Guidebook */ = {
			isa = PBXNativeTarget;
			buildConfigurationList = 021E0AE31EBD835200CD761B /* Build configuration list for PBXNativeTarget "Guidebook" */;
			buildPhases = (
				C26559EE7A78CFC728B40171 /* [CP] Check Pods Manifest.lock */,
				021E0ACB1EBD835200CD761B /* Sources */,
				021E0ACC1EBD835200CD761B /* Frameworks */,
				021E0ACD1EBD835200CD761B /* Resources */,
				16502C6ECD6B9E0E705F02C9 /* [CP] Embed Pods Frameworks */,
				E648FC46EA61871F9A770D91 /* [CP] Copy Pods Resources */,
			);
			buildRules = (
			);
			dependencies = (
			);
			name = Guidebook;
			productName = Guidebook;
			productReference = 021E0ACF1EBD835200CD761B /* Guidebook.app */;
			productType = "com.apple.product-type.application";
		};
/* End PBXNativeTarget section */

/* Begin PBXProject section */
		021E0AC71EBD835200CD761B /* Project object */ = {
			isa = PBXProject;
			attributes = {
				LastSwiftUpdateCheck = 0830;
				LastUpgradeCheck = 0830;
				ORGANIZATIONNAME = "Bailig Abhanar";
				TargetAttributes = {
					021E0ACE1EBD835200CD761B = {
						CreatedOnToolsVersion = 8.3.2;
						DevelopmentTeam = 73QVNZWQQJ;
						ProvisioningStyle = Automatic;
					};
				};
			};
			buildConfigurationList = 021E0ACA1EBD835200CD761B /* Build configuration list for PBXProject "Guidebook" */;
			compatibilityVersion = "Xcode 3.2";
			developmentRegion = English;
			hasScannedForEncodings = 0;
			knownRegions = (
				en,
				Base,
			);
			mainGroup = 021E0AC61EBD835200CD761B;
			productRefGroup = 021E0AD01EBD835200CD761B /* Products */;
			projectDirPath = "";
			projectRoot = "";
			targets = (
				021E0ACE1EBD835200CD761B /* Guidebook */,
			);
		};
/* End PBXProject section */

/* Begin PBXResourcesBuildPhase section */
		021E0ACD1EBD835200CD761B /* Resources */ = {
			isa = PBXResourcesBuildPhase;
			buildActionMask = 2147483647;
			files = (
				021E0ADF1EBD835200CD761B /* LaunchScreen.storyboard in Resources */,
				02BBB86F1EBD891E00CE3904 /* GoogleService-Info.plist in Resources */,
				021E0ADC1EBD835200CD761B /* Assets.xcassets in Resources */,
				021E0ADA1EBD835200CD761B /* Main.storyboard in Resources */,
			);
			runOnlyForDeploymentPostprocessing = 0;
		};
/* End PBXResourcesBuildPhase section */

/* Begin PBXShellScriptBuildPhase section */
		16502C6ECD6B9E0E705F02C9 /* [CP] Embed Pods Frameworks */ = {
			isa = PBXShellScriptBuildPhase;
			buildActionMask = 2147483647;
			files = (
			);
			inputPaths = (
			);
			name = "[CP] Embed Pods Frameworks";
			outputPaths = (
			);
			runOnlyForDeploymentPostprocessing = 0;
			shellPath = /bin/sh;
			shellScript = "\"${SRCROOT}/Pods/Target Support Files/Pods-Guidebook/Pods-Guidebook-frameworks.sh\"\n";
			showEnvVarsInLog = 0;
		};
		C26559EE7A78CFC728B40171 /* [CP] Check Pods Manifest.lock */ = {
			isa = PBXShellScriptBuildPhase;
			buildActionMask = 2147483647;
			files = (
			);
			inputPaths = (
			);
			name = "[CP] Check Pods Manifest.lock";
			outputPaths = (
			);
			runOnlyForDeploymentPostprocessing = 0;
			shellPath = /bin/sh;
			shellScript = "diff \"${PODS_ROOT}/../Podfile.lock\" \"${PODS_ROOT}/Manifest.lock\" > /dev/null\nif [ $? != 0 ] ; then\n    # print error to STDERR\n    echo \"error: The sandbox is not in sync with the Podfile.lock. Run 'pod install' or update your CocoaPods installation.\" >&2\n    exit 1\nfi\n";
			showEnvVarsInLog = 0;
		};
		E648FC46EA61871F9A770D91 /* [CP] Copy Pods Resources */ = {
			isa = PBXShellScriptBuildPhase;
			buildActionMask = 2147483647;
			files = (
			);
			inputPaths = (
			);
			name = "[CP] Copy Pods Resources";
			outputPaths = (
			);
			runOnlyForDeploymentPostprocessing = 0;
			shellPath = /bin/sh;
			shellScript = "\"${SRCROOT}/Pods/Target Support Files/Pods-Guidebook/Pods-Guidebook-resources.sh\"\n";
			showEnvVarsInLog = 0;
		};
/* End PBXShellScriptBuildPhase section */

/* Begin PBXSourcesBuildPhase section */
		021E0ACB1EBD835200CD761B /* Sources */ = {
			isa = PBXSourcesBuildPhase;
			buildActionMask = 2147483647;
			files = (
				029474FA1ECA9F1A0001507B /* ReviewsController.swift in Sources */,
				029474FC1ECA9F370001507B /* WriteReviewController.swift in Sources */,
				021E0AD71EBD835200CD761B /* SecondViewController.swift in Sources */,
				029474F61ECA97A50001507B /* DetailController.swift in Sources */,
				021E0AD31EBD835200CD761B /* AppDelegate.swift in Sources */,
				02A147AE1ECA3E22005B8038 /* FirebaseManager.swift in Sources */,
				0241F3FF1ED0016A00B9CF06 /* Review.swift in Sources */,
				021E0AD51EBD835200CD761B /* PlacesController.swift in Sources */,
				021E0AE91EBD867700CD761B /* Place.swift in Sources */,
				029474F81ECA9EE60001507B /* DescriptionController.swift in Sources */,
				02A147B11ECA58E5005B8038 /* PlaceCell.swift in Sources */,
			);
			runOnlyForDeploymentPostprocessing = 0;
		};
/* End PBXSourcesBuildPhase section */

/* Begin PBXVariantGroup section */
		021E0AD81EBD835200CD761B /* Main.storyboard */ = {
			isa = PBXVariantGroup;
			children = (
				021E0AD91EBD835200CD761B /* Base */,
			);
			name = Main.storyboard;
			sourceTree = "<group>";
		};
		021E0ADD1EBD835200CD761B /* LaunchScreen.storyboard */ = {
			isa = PBXVariantGroup;
			children = (
				021E0ADE1EBD835200CD761B /* Base */,
			);
			name = LaunchScreen.storyboard;
			sourceTree = "<group>";
		};
/* End PBXVariantGroup section */

/* Begin XCBuildConfiguration section */
		021E0AE11EBD835200CD761B /* Debug */ = {
			isa = XCBuildConfiguration;
			buildSettings = {
				ALWAYS_SEARCH_USER_PATHS = NO;
				CLANG_ANALYZER_NONNULL = YES;
				CLANG_ANALYZER_NUMBER_OBJECT_CONVERSION = YES_AGGRESSIVE;
				CLANG_CXX_LANGUAGE_STANDARD = "gnu++0x";
				CLANG_CXX_LIBRARY = "libc++";
				CLANG_ENABLE_MODULES = YES;
				CLANG_ENABLE_OBJC_ARC = YES;
				CLANG_WARN_BOOL_CONVERSION = YES;
				CLANG_WARN_CONSTANT_CONVERSION = YES;
				CLANG_WARN_DIRECT_OBJC_ISA_USAGE = YES_ERROR;
				CLANG_WARN_DOCUMENTATION_COMMENTS = YES;
				CLANG_WARN_EMPTY_BODY = YES;
				CLANG_WARN_ENUM_CONVERSION = YES;
				CLANG_WARN_INFINITE_RECURSION = YES;
				CLANG_WARN_INT_CONVERSION = YES;
				CLANG_WARN_OBJC_ROOT_CLASS = YES_ERROR;
				CLANG_WARN_SUSPICIOUS_MOVE = YES;
				CLANG_WARN_UNREACHABLE_CODE = YES;
				CLANG_WARN__DUPLICATE_METHOD_MATCH = YES;
				"CODE_SIGN_IDENTITY[sdk=iphoneos*]" = "iPhone Developer";
				COPY_PHASE_STRIP = NO;
				DEBUG_INFORMATION_FORMAT = dwarf;
				ENABLE_STRICT_OBJC_MSGSEND = YES;
				ENABLE_TESTABILITY = YES;
				GCC_C_LANGUAGE_STANDARD = gnu99;
				GCC_DYNAMIC_NO_PIC = NO;
				GCC_NO_COMMON_BLOCKS = YES;
				GCC_OPTIMIZATION_LEVEL = 0;
				GCC_PREPROCESSOR_DEFINITIONS = (
					"DEBUG=1",
					"$(inherited)",
				);
				GCC_WARN_64_TO_32_BIT_CONVERSION = YES;
				GCC_WARN_ABOUT_RETURN_TYPE = YES_ERROR;
				GCC_WARN_UNDECLARED_SELECTOR = YES;
				GCC_WARN_UNINITIALIZED_AUTOS = YES_AGGRESSIVE;
				GCC_WARN_UNUSED_FUNCTION = YES;
				GCC_WARN_UNUSED_VARIABLE = YES;
				IPHONEOS_DEPLOYMENT_TARGET = 10.3;
				MTL_ENABLE_DEBUG_INFO = YES;
				ONLY_ACTIVE_ARCH = YES;
				SDKROOT = iphoneos;
				SWIFT_ACTIVE_COMPILATION_CONDITIONS = DEBUG;
				SWIFT_OPTIMIZATION_LEVEL = "-Onone";
			};
			name = Debug;
		};
		021E0AE21EBD835200CD761B /* Release */ = {
			isa = XCBuildConfiguration;
			buildSettings = {
				ALWAYS_SEARCH_USER_PATHS = NO;
				CLANG_ANALYZER_NONNULL = YES;
				CLANG_ANALYZER_NUMBER_OBJECT_CONVERSION = YES_AGGRESSIVE;
				CLANG_CXX_LANGUAGE_STANDARD = "gnu++0x";
				CLANG_CXX_LIBRARY = "libc++";
				CLANG_ENABLE_MODULES = YES;
				CLANG_ENABLE_OBJC_ARC = YES;
				CLANG_WARN_BOOL_CONVERSION = YES;
				CLANG_WARN_CONSTANT_CONVERSION = YES;
				CLANG_WARN_DIRECT_OBJC_ISA_USAGE = YES_ERROR;
				CLANG_WARN_DOCUMENTATION_COMMENTS = YES;
				CLANG_WARN_EMPTY_BODY = YES;
				CLANG_WARN_ENUM_CONVERSION = YES;
				CLANG_WARN_INFINITE_RECURSION = YES;
				CLANG_WARN_INT_CONVERSION = YES;
				CLANG_WARN_OBJC_ROOT_CLASS = YES_ERROR;
				CLANG_WARN_SUSPICIOUS_MOVE = YES;
				CLANG_WARN_UNREACHABLE_CODE = YES;
				CLANG_WARN__DUPLICATE_METHOD_MATCH = YES;
				"CODE_SIGN_IDENTITY[sdk=iphoneos*]" = "iPhone Developer";
				COPY_PHASE_STRIP = NO;
				DEBUG_INFORMATION_FORMAT = "dwarf-with-dsym";
				ENABLE_NS_ASSERTIONS = NO;
				ENABLE_STRICT_OBJC_MSGSEND = YES;
				GCC_C_LANGUAGE_STANDARD = gnu99;
				GCC_NO_COMMON_BLOCKS = YES;
				GCC_WARN_64_TO_32_BIT_CONVERSION = YES;
				GCC_WARN_ABOUT_RETURN_TYPE = YES_ERROR;
				GCC_WARN_UNDECLARED_SELECTOR = YES;
				GCC_WARN_UNINITIALIZED_AUTOS = YES_AGGRESSIVE;
				GCC_WARN_UNUSED_FUNCTION = YES;
				GCC_WARN_UNUSED_VARIABLE = YES;
				IPHONEOS_DEPLOYMENT_TARGET = 10.3;
				MTL_ENABLE_DEBUG_INFO = NO;
				SDKROOT = iphoneos;
				SWIFT_OPTIMIZATION_LEVEL = "-Owholemodule";
				VALIDATE_PRODUCT = YES;
			};
			name = Release;
		};
		021E0AE41EBD835200CD761B /* Debug */ = {
			isa = XCBuildConfiguration;
			baseConfigurationReference = 1D47897F7A909146261DC594 /* Pods-Guidebook.debug.xcconfig */;
			buildSettings = {
				ASSETCATALOG_COMPILER_APPICON_NAME = AppIcon;
				DEVELOPMENT_TEAM = 73QVNZWQQJ;
				INFOPLIST_FILE = Guidebook/Info.plist;
				LD_RUNPATH_SEARCH_PATHS = "$(inherited) @executable_path/Frameworks";
				PRODUCT_BUNDLE_IDENTIFIER = com.bailigabhanar.Guidebook;
				PRODUCT_NAME = "$(TARGET_NAME)";
				SWIFT_VERSION = 3.0;
			};
			name = Debug;
		};
		021E0AE51EBD835200CD761B /* Release */ = {
			isa = XCBuildConfiguration;
			baseConfigurationReference = 5A523933C24B6BE1BEDB78ED /* Pods-Guidebook.release.xcconfig */;
			buildSettings = {
				ASSETCATALOG_COMPILER_APPICON_NAME = AppIcon;
				DEVELOPMENT_TEAM = 73QVNZWQQJ;
				INFOPLIST_FILE = Guidebook/Info.plist;
				LD_RUNPATH_SEARCH_PATHS = "$(inherited) @executable_path/Frameworks";
				PRODUCT_BUNDLE_IDENTIFIER = com.bailigabhanar.Guidebook;
				PRODUCT_NAME = "$(TARGET_NAME)";
				SWIFT_VERSION = 3.0;
			};
			name = Release;
		};
/* End XCBuildConfiguration section */

/* Begin XCConfigurationList section */
		021E0ACA1EBD835200CD761B /* Build configuration list for PBXProject "Guidebook" */ = {
			isa = XCConfigurationList;
			buildConfigurations = (
				021E0AE11EBD835200CD761B /* Debug */,
				021E0AE21EBD835200CD761B /* Release */,
			);
			defaultConfigurationIsVisible = 0;
			defaultConfigurationName = Release;
		};
		021E0AE31EBD835200CD761B /* Build configuration list for PBXNativeTarget "Guidebook" */ = {
			isa = XCConfigurationList;
			buildConfigurations = (
				021E0AE41EBD835200CD761B /* Debug */,
				021E0AE51EBD835200CD761B /* Release */,
			);
			defaultConfigurationIsVisible = 0;
			defaultConfigurationName = Release;
		};
/* End XCConfigurationList section */
	};
	rootObject = 021E0AC71EBD835200CD761B /* Project object */;
}
